
Microsoft Visual Studio Solution File, Format Version 12.00
# Visual Studio Version 17
VisualStudioVersion = 17.7.34221.43
MinimumVisualStudioVersion = 10.0.40219.1
Project("{8BC9CEB8-8B4A-11D0-8D11-00A0C91BC942}") = "1000_Exercises", "1000_Exercises\1000_Exercises.vcxproj", "{2568E576-AD7B-4B1A-91A8-303AF0485FA4}"
EndProject
Project("{8BC9CEB8-8B4A-11D0-8D11-00A0C91BC942}") = "Array_Exercises", "Array_Exercises\Array_Exercises.vcxproj", "{118BE5FA-93C7-42B2-90B4-697398549798}"
EndProject
Global
	GlobalSection(SolutionConfigurationPlatforms) = preSolution
		Debug|x64 = Debug|x64
		Debug|x86 = Debug|x86
		Release|x64 = Release|x64
		Release|x86 = Release|x86
	EndGlobalSection
	GlobalSection(ProjectConfigurationPlatforms) = postSolution
		{2568E576-AD7B-4B1A-91A8-303AF0485FA4}.Debug|x64.ActiveCfg = Debug|x64
		{2568E576-AD7B-4B1A-91A8-303AF0485FA4}.Debug|x64.Build.0 = Debug|x64
		{2568E576-AD7B-4B1A-91A8-303AF0485FA4}.Debug|x86.ActiveCfg = Debug|Win32
		{2568E576-AD7B-4B1A-91A8-303AF0485FA4}.Debug|x86.Build.0 = Debug|Win32
		{2568E576-AD7B-4B1A-91A8-303AF0485FA4}.Release|x64.ActiveCfg = Release|x64
		{2568E576-AD7B-4B1A-91A8-303AF0485FA4}.Release|x64.Build.0 = Release|x64
		{2568E576-AD7B-4B1A-91A8-303AF0485FA4}.Release|x86.ActiveCfg = Release|Win32
		{2568E576-AD7B-4B1A-91A8-303AF0485FA4}.Release|x86.Build.0 = Release|Win32
		{118BE5FA-93C7-42B2-90B4-697398549798}.Debug|x64.ActiveCfg = Debug|x64
		{118BE5FA-93C7-42B2-90B4-697398549798}.Debug|x64.Build.0 = Debug|x64
		{118BE5FA-93C7-42B2-90B4-697398549798}.Debug|x86.ActiveCfg = Debug|Win32
		{118BE5FA-93C7-42B2-90B4-697398549798}.Debug|x86.Build.0 = Debug|Win32
		{118BE5FA-93C7-42B2-90B4-697398549798}.Release|x64.ActiveCfg = Release|x64
		{118BE5FA-93C7-42B2-90B4-697398549798}.Release|x64.Build.0 = Release|x64
		{118BE5FA-93C7-42B2-90B4-697398549798}.Release|x86.ActiveCfg = Release|Win32
		{118BE5FA-93C7-42B2-90B4-697398549798}.Release|x86.Build.0 = Release|Win32
	EndGlobalSection
	GlobalSection(SolutionProperties) = preSolution
		HideSolutionNode = FALSE
	EndGlobalSection
	GlobalSection(ExtensibilityGlobals) = postSolution
		SolutionGuid = {4093815A-DDDC-4E30-9F1E-D54E06406958}
	EndGlobalSection
EndGlobal
