
Microsoft Visual Studio Solution File, Format Version 12.00
# Visual Studio 15
VisualStudioVersion = 15.0.28307.1062
MinimumVisualStudioVersion = 10.0.40219.1
Project("{8BC9CEB8-8B4A-11D0-8D11-00A0C91BC942}") = "bai1", "bai1\bai1.vcxproj", "{0DE2498F-74B3-43FB-9894-55CC1C29EBED}"
EndProject
Project("{8BC9CEB8-8B4A-11D0-8D11-00A0C91BC942}") = "bai2", "bai2\bai2.vcxproj", "{8E5E3114-70E3-46B9-A2ED-5B4EF2217DB5}"
EndProject
Global
	GlobalSection(SolutionConfigurationPlatforms) = preSolution
		Debug|x64 = Debug|x64
		Debug|x86 = Debug|x86
		Release|x64 = Release|x64
		Release|x86 = Release|x86
	EndGlobalSection
	GlobalSection(ProjectConfigurationPlatforms) = postSolution
		{0DE2498F-74B3-43FB-9894-55CC1C29EBED}.Debug|x64.ActiveCfg = Debug|x64
		{0DE2498F-74B3-43FB-9894-55CC1C29EBED}.Debug|x64.Build.0 = Debug|x64
		{0DE2498F-74B3-43FB-9894-55CC1C29EBED}.Debug|x86.ActiveCfg = Debug|Win32
		{0DE2498F-74B3-43FB-9894-55CC1C29EBED}.Debug|x86.Build.0 = Debug|Win32
		{0DE2498F-74B3-43FB-9894-55CC1C29EBED}.Release|x64.ActiveCfg = Release|x64
		{0DE2498F-74B3-43FB-9894-55CC1C29EBED}.Release|x64.Build.0 = Release|x64
		{0DE2498F-74B3-43FB-9894-55CC1C29EBED}.Release|x86.ActiveCfg = Release|Win32
		{0DE2498F-74B3-43FB-9894-55CC1C29EBED}.Release|x86.Build.0 = Release|Win32
		{8E5E3114-70E3-46B9-A2ED-5B4EF2217DB5}.Debug|x64.ActiveCfg = Debug|x64
		{8E5E3114-70E3-46B9-A2ED-5B4EF2217DB5}.Debug|x64.Build.0 = Debug|x64
		{8E5E3114-70E3-46B9-A2ED-5B4EF2217DB5}.Debug|x86.ActiveCfg = Debug|Win32
		{8E5E3114-70E3-46B9-A2ED-5B4EF2217DB5}.Debug|x86.Build.0 = Debug|Win32
		{8E5E3114-70E3-46B9-A2ED-5B4EF2217DB5}.Release|x64.ActiveCfg = Release|x64
		{8E5E3114-70E3-46B9-A2ED-5B4EF2217DB5}.Release|x64.Build.0 = Release|x64
		{8E5E3114-70E3-46B9-A2ED-5B4EF2217DB5}.Release|x86.ActiveCfg = Release|Win32
		{8E5E3114-70E3-46B9-A2ED-5B4EF2217DB5}.Release|x86.Build.0 = Release|Win32
	EndGlobalSection
	GlobalSection(SolutionProperties) = preSolution
		HideSolutionNode = FALSE
	EndGlobalSection
	GlobalSection(ExtensibilityGlobals) = postSolution
		SolutionGuid = {6F3CDE51-FF24-48E2-AD17-AE021FE59FB2}
	EndGlobalSection
EndGlobal
